
Microsoft Visual Studio Solution File, Format Version 12.00
# Visual Studio Version 17
VisualStudioVersion = 17.6.33829.357
MinimumVisualStudioVersion = 10.0.40219.1
Project("{9A19103F-16F7-4668-BE54-9A1E7A4F7556}") = "TP_lab2", "TP_lab2\TP_lab2.csproj", "{D7748446-3BDE-405A-BA31-C56D030C27D6}"
EndProject
Project("{9A19103F-16F7-4668-BE54-9A1E7A4F7556}") = "BusinessLogic", "BusinessLogic\BusinessLogic.csproj", "{595DCA2C-53F7-4C06-8D27-17A2B8C4E2B9}"
EndProject
Project("{9A19103F-16F7-4668-BE54-9A1E7A4F7556}") = "UserInteraction", "Flow\UserInteraction.csproj", "{6E72B61A-2A62-40B0-8452-CF4F0D1D3A9B}"
	ProjectSection(ProjectDependencies) = postProject
		{595DCA2C-53F7-4C06-8D27-17A2B8C4E2B9} = {595DCA2C-53F7-4C06-8D27-17A2B8C4E2B9}
	EndProjectSection
EndProject
Project("{9A19103F-16F7-4668-BE54-9A1E7A4F7556}") = "DataAccess2", "DataAccess2\DataAccess2.csproj", "{B078D884-68C5-4B96-8026-4437E5EB4B84}"
EndProject
Project("{FAE04EC0-301F-11D3-BF4B-00C04F79EFBC}") = "TestProject1", "TestProject1\TestProject1.csproj", "{59B6E432-0345-400A-BD00-61B9C5B4CC5D}"
EndProject
Global
	GlobalSection(SolutionConfigurationPlatforms) = preSolution
		Debug|Any CPU = Debug|Any CPU
		Release|Any CPU = Release|Any CPU
	EndGlobalSection
	GlobalSection(ProjectConfigurationPlatforms) = postSolution
		{D7748446-3BDE-405A-BA31-C56D030C27D6}.Debug|Any CPU.ActiveCfg = Debug|Any CPU
		{D7748446-3BDE-405A-BA31-C56D030C27D6}.Debug|Any CPU.Build.0 = Debug|Any CPU
		{D7748446-3BDE-405A-BA31-C56D030C27D6}.Release|Any CPU.ActiveCfg = Release|Any CPU
		{D7748446-3BDE-405A-BA31-C56D030C27D6}.Release|Any CPU.Build.0 = Release|Any CPU
		{595DCA2C-53F7-4C06-8D27-17A2B8C4E2B9}.Debug|Any CPU.ActiveCfg = Debug|Any CPU
		{595DCA2C-53F7-4C06-8D27-17A2B8C4E2B9}.Debug|Any CPU.Build.0 = Debug|Any CPU
		{595DCA2C-53F7-4C06-8D27-17A2B8C4E2B9}.Release|Any CPU.ActiveCfg = Release|Any CPU
		{595DCA2C-53F7-4C06-8D27-17A2B8C4E2B9}.Release|Any CPU.Build.0 = Release|Any CPU
		{6E72B61A-2A62-40B0-8452-CF4F0D1D3A9B}.Debug|Any CPU.ActiveCfg = Debug|Any CPU
		{6E72B61A-2A62-40B0-8452-CF4F0D1D3A9B}.Debug|Any CPU.Build.0 = Debug|Any CPU
		{6E72B61A-2A62-40B0-8452-CF4F0D1D3A9B}.Release|Any CPU.ActiveCfg = Release|Any CPU
		{6E72B61A-2A62-40B0-8452-CF4F0D1D3A9B}.Release|Any CPU.Build.0 = Release|Any CPU
		{B078D884-68C5-4B96-8026-4437E5EB4B84}.Debug|Any CPU.ActiveCfg = Debug|Any CPU
		{B078D884-68C5-4B96-8026-4437E5EB4B84}.Debug|Any CPU.Build.0 = Debug|Any CPU
		{B078D884-68C5-4B96-8026-4437E5EB4B84}.Release|Any CPU.ActiveCfg = Release|Any CPU
		{B078D884-68C5-4B96-8026-4437E5EB4B84}.Release|Any CPU.Build.0 = Release|Any CPU
		{59B6E432-0345-400A-BD00-61B9C5B4CC5D}.Debug|Any CPU.ActiveCfg = Debug|Any CPU
		{59B6E432-0345-400A-BD00-61B9C5B4CC5D}.Debug|Any CPU.Build.0 = Debug|Any CPU
		{59B6E432-0345-400A-BD00-61B9C5B4CC5D}.Release|Any CPU.ActiveCfg = Release|Any CPU
		{59B6E432-0345-400A-BD00-61B9C5B4CC5D}.Release|Any CPU.Build.0 = Release|Any CPU
	EndGlobalSection
	GlobalSection(SolutionProperties) = preSolution
		HideSolutionNode = FALSE
	EndGlobalSection
	GlobalSection(ExtensibilityGlobals) = postSolution
		SolutionGuid = {9AE9CE01-C839-476D-B368-947C1CBAB6FD}
	EndGlobalSection
EndGlobal
