
Microsoft Visual Studio Solution File, Format Version 12.00
# Visual Studio Version 17
VisualStudioVersion = 17.6.33829.357
MinimumVisualStudioVersion = 10.0.40219.1
Project("{9A19103F-16F7-4668-BE54-9A1E7A4F7556}") = "TP_lab2", "TP_lab2\TP_lab2.csproj", "{D7748446-3BDE-405A-BA31-C56D030C27D6}"
EndProject
Project("{9A19103F-16F7-4668-BE54-9A1E7A4F7556}") = "BusinessLogic", "BusinessLogic\BusinessLogic.csproj", "{595DCA2C-53F7-4C06-8D27-17A2B8C4E2B9}"
EndProject
Project("{9A19103F-16F7-4668-BE54-9A1E7A4F7556}") = "UserInteraction", "Flow\UserInteraction.csproj", "{6E72B61A-2A62-40B0-8452-CF4F0D1D3A9B}"
	ProjectSection(ProjectDependencies) = postProject
		{595DCA2C-53F7-4C06-8D27-17A2B8C4E2B9} = {595DCA2C-53F7-4C06-8D27-17A2B8C4E2B9}
	EndProjectSection
EndProject
Project("{9A19103F-16F7-4668-BE54-9A1E7A4F7556}") = "BusinessLogicTest", "BusinessLogicTest\BusinessLogicTest.csproj", "{46AF6F60-79E4-405D-82FF-25B5DE51761B}"
EndProject
Project("{9A19103F-16F7-4668-BE54-9A1E7A4F7556}") = "DataAccess", "DataAccess\DataAccess.csproj", "{C04B4957-8722-46AC-92D4-0FDB7CCDA3CF}"
EndProject
Global
	GlobalSection(SolutionConfigurationPlatforms) = preSolution
		Debug|Any CPU = Debug|Any CPU
		Release|Any CPU = Release|Any CPU
	EndGlobalSection
	GlobalSection(ProjectConfigurationPlatforms) = postSolution
		{D7748446-3BDE-405A-BA31-C56D030C27D6}.Debug|Any CPU.ActiveCfg = Debug|Any CPU
		{D7748446-3BDE-405A-BA31-C56D030C27D6}.Debug|Any CPU.Build.0 = Debug|Any CPU
		{D7748446-3BDE-405A-BA31-C56D030C27D6}.Release|Any CPU.ActiveCfg = Release|Any CPU
		{D7748446-3BDE-405A-BA31-C56D030C27D6}.Release|Any CPU.Build.0 = Release|Any CPU
		{595DCA2C-53F7-4C06-8D27-17A2B8C4E2B9}.Debug|Any CPU.ActiveCfg = Debug|Any CPU
		{595DCA2C-53F7-4C06-8D27-17A2B8C4E2B9}.Debug|Any CPU.Build.0 = Debug|Any CPU
		{595DCA2C-53F7-4C06-8D27-17A2B8C4E2B9}.Release|Any CPU.ActiveCfg = Release|Any CPU
		{595DCA2C-53F7-4C06-8D27-17A2B8C4E2B9}.Release|Any CPU.Build.0 = Release|Any CPU
		{6E72B61A-2A62-40B0-8452-CF4F0D1D3A9B}.Debug|Any CPU.ActiveCfg = Debug|Any CPU
		{6E72B61A-2A62-40B0-8452-CF4F0D1D3A9B}.Debug|Any CPU.Build.0 = Debug|Any CPU
		{6E72B61A-2A62-40B0-8452-CF4F0D1D3A9B}.Release|Any CPU.ActiveCfg = Release|Any CPU
		{6E72B61A-2A62-40B0-8452-CF4F0D1D3A9B}.Release|Any CPU.Build.0 = Release|Any CPU
		{46AF6F60-79E4-405D-82FF-25B5DE51761B}.Debug|Any CPU.ActiveCfg = Debug|Any CPU
		{46AF6F60-79E4-405D-82FF-25B5DE51761B}.Debug|Any CPU.Build.0 = Debug|Any CPU
		{46AF6F60-79E4-405D-82FF-25B5DE51761B}.Release|Any CPU.ActiveCfg = Release|Any CPU
		{46AF6F60-79E4-405D-82FF-25B5DE51761B}.Release|Any CPU.Build.0 = Release|Any CPU
		{C04B4957-8722-46AC-92D4-0FDB7CCDA3CF}.Debug|Any CPU.ActiveCfg = Debug|Any CPU
		{C04B4957-8722-46AC-92D4-0FDB7CCDA3CF}.Debug|Any CPU.Build.0 = Debug|Any CPU
		{C04B4957-8722-46AC-92D4-0FDB7CCDA3CF}.Release|Any CPU.ActiveCfg = Release|Any CPU
		{C04B4957-8722-46AC-92D4-0FDB7CCDA3CF}.Release|Any CPU.Build.0 = Release|Any CPU
	EndGlobalSection
	GlobalSection(SolutionProperties) = preSolution
		HideSolutionNode = FALSE
	EndGlobalSection
	GlobalSection(ExtensibilityGlobals) = postSolution
		SolutionGuid = {9AE9CE01-C839-476D-B368-947C1CBAB6FD}
	EndGlobalSection
EndGlobal
